
Microsoft Visual Studio Solution File, Format Version 12.00
# Visual Studio Version 16
VisualStudioVersion = 16.0.29519.181
MinimumVisualStudioVersion = 10.0.40219.1
Project("{FAE04EC0-301F-11D3-BF4B-00C04F79EFBC}") = "AoC2019", "AoC2019.csproj", "{510B1A44-7EC2-4575-BC95-ED051A8868A4}"
EndProject
Global
	GlobalSection(SolutionConfigurationPlatforms) = preSolution
		Debug|Any CPU = Debug|Any CPU
		Release|Any CPU = Release|Any CPU
	EndGlobalSection
	GlobalSection(ProjectConfigurationPlatforms) = postSolution
		{510B1A44-7EC2-4575-BC95-ED051A8868A4}.Debug|Any CPU.ActiveCfg = Debug|Any CPU
		{510B1A44-7EC2-4575-BC95-ED051A8868A4}.Debug|Any CPU.Build.0 = Debug|Any CPU
		{510B1A44-7EC2-4575-BC95-ED051A8868A4}.Release|Any CPU.ActiveCfg = Release|Any CPU
		{510B1A44-7EC2-4575-BC95-ED051A8868A4}.Release|Any CPU.Build.0 = Release|Any CPU
	EndGlobalSection
	GlobalSection(SolutionProperties) = preSolution
		HideSolutionNode = FALSE
	EndGlobalSection
	GlobalSection(ExtensibilityGlobals) = postSolution
		SolutionGuid = {70603B09-840A-4040-93BF-4ED862ED45B0}
	EndGlobalSection
EndGlobal
